
Microsoft Visual Studio Solution File, Format Version 12.00
# Visual Studio Version 16
VisualStudioVersion = 16.0.29001.49
MinimumVisualStudioVersion = 10.0.40219.1
Project("{FAE04EC0-301F-11D3-BF4B-00C04F79EFBC}") = "Vector4", "Vector4\Vector4.csproj", "{12C377C8-DA4D-4039-824A-77E346DC83C6}"
EndProject
Global
	GlobalSection(SolutionConfigurationPlatforms) = preSolution
		Debug|Any CPU = Debug|Any CPU
		Release|Any CPU = Release|Any CPU
	EndGlobalSection
	GlobalSection(ProjectConfigurationPlatforms) = postSolution
		{12C377C8-DA4D-4039-824A-77E346DC83C6}.Debug|Any CPU.ActiveCfg = Debug|Any CPU
		{12C377C8-DA4D-4039-824A-77E346DC83C6}.Debug|Any CPU.Build.0 = Debug|Any CPU
		{12C377C8-DA4D-4039-824A-77E346DC83C6}.Release|Any CPU.ActiveCfg = Release|Any CPU
		{12C377C8-DA4D-4039-824A-77E346DC83C6}.Release|Any CPU.Build.0 = Release|Any CPU
	EndGlobalSection
	GlobalSection(SolutionProperties) = preSolution
		HideSolutionNode = FALSE
	EndGlobalSection
	GlobalSection(ExtensibilityGlobals) = postSolution
		SolutionGuid = {4C373E5B-CD9D-480E-A9F7-DDFDCF36905A}
	EndGlobalSection
EndGlobal
