
Microsoft Visual Studio Solution File, Format Version 12.00
# Visual Studio Version 16
VisualStudioVersion = 16.0.29001.49
MinimumVisualStudioVersion = 10.0.40219.1
Project("{FAE04EC0-301F-11D3-BF4B-00C04F79EFBC}") = "Vector", "Vector\Vector.csproj", "{9695E593-947B-4F33-8200-E55349A414EF}"
EndProject
Global
	GlobalSection(SolutionConfigurationPlatforms) = preSolution
		Debug|Any CPU = Debug|Any CPU
		Release|Any CPU = Release|Any CPU
	EndGlobalSection
	GlobalSection(ProjectConfigurationPlatforms) = postSolution
		{9695E593-947B-4F33-8200-E55349A414EF}.Debug|Any CPU.ActiveCfg = Debug|Any CPU
		{9695E593-947B-4F33-8200-E55349A414EF}.Debug|Any CPU.Build.0 = Debug|Any CPU
		{9695E593-947B-4F33-8200-E55349A414EF}.Release|Any CPU.ActiveCfg = Release|Any CPU
		{9695E593-947B-4F33-8200-E55349A414EF}.Release|Any CPU.Build.0 = Release|Any CPU
	EndGlobalSection
	GlobalSection(SolutionProperties) = preSolution
		HideSolutionNode = FALSE
	EndGlobalSection
	GlobalSection(ExtensibilityGlobals) = postSolution
		SolutionGuid = {DD21405A-E606-449B-9D03-4EA48B027F02}
	EndGlobalSection
EndGlobal
