
Microsoft Visual Studio Solution File, Format Version 12.00
# Visual Studio Version 16
VisualStudioVersion = 16.0.29001.49
MinimumVisualStudioVersion = 10.0.40219.1
Project("{FAE04EC0-301F-11D3-BF4B-00C04F79EFBC}") = "ListaAscDesc", "ListaAscDesc\ListaAscDesc.csproj", "{4D2A7C5E-33B9-481C-AA29-A524A8234DBD}"
EndProject
Global
	GlobalSection(SolutionConfigurationPlatforms) = preSolution
		Debug|Any CPU = Debug|Any CPU
		Release|Any CPU = Release|Any CPU
	EndGlobalSection
	GlobalSection(ProjectConfigurationPlatforms) = postSolution
		{4D2A7C5E-33B9-481C-AA29-A524A8234DBD}.Debug|Any CPU.ActiveCfg = Debug|Any CPU
		{4D2A7C5E-33B9-481C-AA29-A524A8234DBD}.Debug|Any CPU.Build.0 = Debug|Any CPU
		{4D2A7C5E-33B9-481C-AA29-A524A8234DBD}.Release|Any CPU.ActiveCfg = Release|Any CPU
		{4D2A7C5E-33B9-481C-AA29-A524A8234DBD}.Release|Any CPU.Build.0 = Release|Any CPU
	EndGlobalSection
	GlobalSection(SolutionProperties) = preSolution
		HideSolutionNode = FALSE
	EndGlobalSection
	GlobalSection(ExtensibilityGlobals) = postSolution
		SolutionGuid = {1FB50B33-B7DA-4D74-A7AF-E3B7E416D9AF}
	EndGlobalSection
EndGlobal
